PODS:
  - AEXML (4.2.2)
  - Alamofire (4.7.0)
  - AlamofireImage (3.3.0):
    - Alamofire (~> 4.5)
  - Crashlytics (3.10.1):
    - Fabric (~> 1.7.5)
  - Fabric (1.7.6)
  - Firebase (4.11.0):
    - Firebase/Core (= 4.11.0)
  - Firebase/Core (4.11.0):
    - FirebaseAnalytics (= 4.1.0)
    - FirebaseCore (= 4.0.18)
  - FirebaseAnalytics (4.1.0):
    - FirebaseCore (~> 4.0)
    - FirebaseInstanceID (~> 2.0)
    - GoogleToolboxForMac/NSData+zlib (~> 2.1)
    - nanopb (~> 0.3)
  - FirebaseCore (4.0.18):
    - GoogleToolboxForMac/NSData+zlib (~> 2.1)
  - FirebaseInstanceID (2.0.10):
    - FirebaseCore (~> 4.0)
  - GoogleToolboxForMac/Defines (2.1.3)
  - GoogleToolboxForMac/NSData+zlib (2.1.3):
    - GoogleToolboxForMac/Defines (= 2.1.3)
  - INSPhotoGallery (1.2.5)
  - nanopb (0.3.8):
    - nanopb/decode (= 0.3.8)
    - nanopb/encode (= 0.3.8)
  - nanopb/decode (0.3.8)
  - nanopb/encode (0.3.8)
  - SwiftTryCatch (1.0.0)
  - SwiftyJSON (4.0.0)
  - Toast-Swift (3.0.1)
  - TwitterCore (3.1.0)
  - TwitterKit (3.3.0):
    - TwitterCore (>= 3.1.0)

DEPENDENCIES:
  - AEXML
  - Alamofire
  - AlamofireImage
  - Crashlytics
  - Fabric
  - Firebase
  - INSPhotoGallery
  - SwiftTryCatch (from `https://github.com/ravero/SwiftTryCatch.git`)
  - SwiftyJSON
  - Toast-Swift
  - TwitterKit

EXTERNAL SOURCES:
  SwiftTryCatch:
    :git: https://github.com/ravero/SwiftTryCatch.git

CHECKOUT OPTIONS:
  SwiftTryCatch:
    :commit: 46ca643dc8b9e47482437e906b30952712e8e232
    :git: https://github.com/ravero/SwiftTryCatch.git

SPEC CHECKSUMS:
  AEXML: 5ebafc1b75e0bcf0f1b09b8ca8fed2d5a199479b
  Alamofire: 907e0a98eb68cdb7f9d1f541a563d6ac5dc77b25
  AlamofireImage: 2e784dc5d00f04903a52c1d169181469c805c3df
  Crashlytics: aee1a064cbbf99b32efa3f056a5f458d846bc8ff
  Fabric: f8d42c893bb187326a7968b62abe55c36a987a46
  Firebase: cc13dfab1038c8b45d7903e01fc690451d6d0b24
  FirebaseAnalytics: 3dfae28d4a5e06f86c4fae830efc2ad3fadb19bc
  FirebaseCore: b981f47e5254cbcfdeb483355300d743f6fcab2c
  FirebaseInstanceID: 8d20d890d65c917f9f7d9950b6e10a760ad34321
  GoogleToolboxForMac: 2501e2ad72a52eb3dfe7bd9aee7dad11b858bd20
  INSPhotoGallery: 8bd5b434e70d06dd698085f8e865f6602d82014b
  nanopb: 5601e6bca2dbf1ed831b519092ec110f66982ca3
  SwiftTryCatch: fc83ba75e26f7207749b568c50965218d99e1571
  SwiftyJSON: 070dabdcb1beb81b247c65ffa3a79dbbfb3b48aa
  Toast-Swift: ba0b01b095aada709d915f9beb1d38184a2721c3
  TwitterCore: 644d59e75abccb26cf0a9050d2c4dea0e5412241
  TwitterKit: a2e60ddcedbf54091eac6f27685ca7a87681e1d7

PODFILE CHECKSUM: df0920474aec1706625eb89b8a707e83ca4a9942

COCOAPODS: 1.4.0
